
Microsoft Visual Studio Solution File, Format Version 12.00
# Visual Studio Version 17
VisualStudioVersion = 17.10.35013.160
MinimumVisualStudioVersion = 10.0.40219.1
Project("{FAE04EC0-301F-11D3-BF4B-00C04F79EFBC}") = "TutoraialsDataType", "TutoraialsDataType\TutoraialsDataType.csproj", "{F78CBC1B-85E0-498B-B066-CF5ADE917882}"
EndProject
Global
	GlobalSection(SolutionConfigurationPlatforms) = preSolution
		Debug|Any CPU = Debug|Any CPU
		Release|Any CPU = Release|Any CPU
	EndGlobalSection
	GlobalSection(ProjectConfigurationPlatforms) = postSolution
		{F78CBC1B-85E0-498B-B066-CF5ADE917882}.Debug|Any CPU.ActiveCfg = Debug|Any CPU
		{F78CBC1B-85E0-498B-B066-CF5ADE917882}.Debug|Any CPU.Build.0 = Debug|Any CPU
		{F78CBC1B-85E0-498B-B066-CF5ADE917882}.Release|Any CPU.ActiveCfg = Release|Any CPU
		{F78CBC1B-85E0-498B-B066-CF5ADE917882}.Release|Any CPU.Build.0 = Release|Any CPU
	EndGlobalSection
	GlobalSection(SolutionProperties) = preSolution
		HideSolutionNode = FALSE
	EndGlobalSection
	GlobalSection(ExtensibilityGlobals) = postSolution
		SolutionGuid = {00171487-9C7E-47D1-9035-2C4BFF303608}
	EndGlobalSection
EndGlobal
